// !$*UTF8*$!
{
	archiveVersion = 1;
	classes = {
	};
	objectVersion = 50;
	objects = {

/* Begin PBXBuildFile section */
		DC301BAF259CF2A10042138B /* AppDelegate.swift in Sources */ = {isa = PBXBuildFile; fileRef = DC301BAE259CF2A10042138B /* AppDelegate.swift */; };
		DC301BB1259CF2A10042138B /* SceneDelegate.swift in Sources */ = {isa = PBXBuildFile; fileRef = DC301BB0259CF2A10042138B /* SceneDelegate.swift */; };
		DC301BB3259CF2A10042138B /* ViewController.swift in Sources */ = {isa = PBXBuildFile; fileRef = DC301BB2259CF2A10042138B /* ViewController.swift */; };
		DC301BB6259CF2A10042138B /* Main.storyboard in Resources */ = {isa = PBXBuildFile; fileRef = DC301BB4259CF2A10042138B /* Main.storyboard */; };
		DC301BB8259CF2A40042138B /* Assets.xcassets in Resources */ = {isa = PBXBuildFile; fileRef = DC301BB7259CF2A40042138B /* Assets.xcassets */; };
		DC301BBB259CF2A40042138B /* LaunchScreen.storyboard in Resources */ = {isa = PBXBuildFile; fileRef = DC301BB9259CF2A40042138B /* LaunchScreen.storyboard */; };
		DC301BC6259CF2A40042138B /* PreworkTests.swift in Sources */ = {isa = PBXBuildFile; fileRef = DC301BC5259CF2A40042138B /* PreworkTests.swift */; };
		DC301BD1259CF2A40042138B /* PreworkUITests.swift in Sources */ = {isa = PBXBuildFile; fileRef = DC301BD0259CF2A40042138B /* PreworkUITests.swift */; };
/* End PBXBuildFile section */

/* Begin PBXContainerItemProxy section */
		DC301BC2259CF2A40042138B /* PBXContainerItemProxy */ = {
			isa = PBXContainerItemProxy;
			containerPortal = DC301BA3259CF2A10042138B /* Project object */;
			proxyType = 1;
			remoteGlobalIDString = DC301BAA259CF2A10042138B;
			remoteInfo = Prework;
		};
		DC301BCD259CF2A40042138B /* PBXContainerItemProxy */ = {
			isa = PBXContainerItemProxy;
			containerPortal = DC301BA3259CF2A10042138B /* Project object */;
			proxyType = 1;
			remoteGlobalIDString = DC301BAA259CF2A10042138B;
			remoteInfo = Prework;
		};
/* End PBXContainerItemProxy section */

/* Begin PBXFileReference section */
		DC301BAB259CF2A10042138B /* Prework.app */ = {isa = PBXFileReference; explicitFileType = wrapper.application; includeInIndex = 0; path = Prework.app; sourceTree = BUILT_PRODUCTS_DIR; };
		DC301BAE259CF2A10042138B /* AppDelegate.swift */ = {isa = PBXFileReference; lastKnownFileType = sourcecode.swift; path = AppDelegate.swift; sourceTree = "<group>"; };
		DC301BB0259CF2A10042138B /* SceneDelegate.swift */ = {isa = PBXFileReference; lastKnownFileType = sourcecode.swift; path = SceneDelegate.swift; sourceTree = "<group>"; };
		DC301BB2259CF2A10042138B /* ViewController.swift */ = {isa = PBXFileReference; lastKnownFileType = sourcecode.swift; path = ViewController.swift; sourceTree = "<group>"; };
		DC301BB5259CF2A10042138B /* Base */ = {isa = PBXFileReference; lastKnownFileType = file.storyboard; name = Base; path = Base.lproj/Main.storyboard; sourceTree = "<group>"; };
		DC301BB7259CF2A40042138B /* Assets.xcassets */ = {isa = PBXFileReference; lastKnownFileType = folder.assetcatalog; path = Assets.xcassets; sourceTree = "<group>"; };
		DC301BBA259CF2A40042138B /* Base */ = {isa = PBXFileReference; lastKnownFileType = file.storyboard; name = Base; path = Base.lproj/LaunchScreen.storyboard; sourceTree = "<group>"; };
		DC301BBC259CF2A40042138B /* Info.plist */ = {isa = PBXFileReference; lastKnownFileType = text.plist.xml; path = Info.plist; sourceTree = "<group>"; };
		DC301BC1259CF2A40042138B /* PreworkTests.xctest */ = {isa = PBXFileReference; explicitFileType = wrapper.cfbundle; includeInIndex = 0; path = PreworkTests.xctest; sourceTree = BUILT_PRODUCTS_DIR; };
		DC301BC5259CF2A40042138B /* PreworkTests.swift */ = {isa = PBXFileReference; lastKnownFileType = sourcecode.swift; path = PreworkTests.swift; sourceTree = "<group>"; };
		DC301BC7259CF2A40042138B /* Info.plist */ = {isa = PBXFileReference; lastKnownFileType = text.plist.xml; path = Info.plist; sourceTree = "<group>"; };
		DC301BCC259CF2A40042138B /* PreworkUITests.xctest */ = {isa = PBXFileReference; explicitFileType = wrapper.cfbundle; includeInIndex = 0; path = PreworkUITests.xctest; sourceTree = BUILT_PRODUCTS_DIR; };
		DC301BD0259CF2A40042138B /* PreworkUITests.swift */ = {isa = PBXFileReference; lastKnownFileType = sourcecode.swift; path = PreworkUITests.swift; sourceTree = "<group>"; };
		DC301BD2259CF2A40042138B /* Info.plist */ = {isa = PBXFileReference; lastKnownFileType = text.plist.xml; path = Info.plist; sourceTree = "<group>"; };
/* End PBXFileReference section */

/* Begin PBXFrameworksBuildPhase section */
		DC301BA8259CF2A10042138B /* Frameworks */ = {
			isa = PBXFrameworksBuildPhase;
			buildActionMask = 2147483647;
			files = (
			);
			runOnlyForDeploymentPostprocessing = 0;
		};
		DC301BBE259CF2A40042138B /* Frameworks */ = {
			isa = PBXFrameworksBuildPhase;
			buildActionMask = 2147483647;
			files = (
			);
			runOnlyForDeploymentPostprocessing = 0;
		};
		DC301BC9259CF2A40042138B /* Frameworks */ = {
			isa = PBXFrameworksBuildPhase;
			buildActionMask = 2147483647;
			files = (
			);
			runOnlyForDeploymentPostprocessing = 0;
		};
/* End PBXFrameworksBuildPhase section */

/* Begin PBXGroup section */
		DC301BA2259CF2A10042138B = {
			isa = PBXGroup;
			children = (
				DC301BAD259CF2A10042138B /* Prework */,
				DC301BC4259CF2A40042138B /* PreworkTests */,
				DC301BCF259CF2A40042138B /* PreworkUITests */,
				DC301BAC259CF2A10042138B /* Products */,
			);
			sourceTree = "<group>";
		};
		DC301BAC259CF2A10042138B /* Products */ = {
			isa = PBXGroup;
			children = (
				DC301BAB259CF2A10042138B /* Prework.app */,
				DC301BC1259CF2A40042138B /* PreworkTests.xctest */,
				DC301BCC259CF2A40042138B /* PreworkUITests.xctest */,
			);
			name = Products;
			sourceTree = "<group>";
		};
		DC301BAD259CF2A10042138B /* Prework */ = {
			isa = PBXGroup;
			children = (
				DC301BAE259CF2A10042138B /* AppDelegate.swift */,
				DC301BB0259CF2A10042138B /* SceneDelegate.swift */,
				DC301BB2259CF2A10042138B /* ViewController.swift */,
				DC301BB4259CF2A10042138B /* Main.storyboard */,
				DC301BB7259CF2A40042138B /* Assets.xcassets */,
				DC301BB9259CF2A40042138B /* LaunchScreen.storyboard */,
				DC301BBC259CF2A40042138B /* Info.plist */,
			);
			path = Prework;
			sourceTree = "<group>";
		};
		DC301BC4259CF2A40042138B /* PreworkTests */ = {
			isa = PBXGroup;
			children = (
				DC301BC5259CF2A40042138B /* PreworkTests.swift */,
				DC301BC7259CF2A40042138B /* Info.plist */,
			);
			path = PreworkTests;
			sourceTree = "<group>";
		};
		DC301BCF259CF2A40042138B /* PreworkUITests */ = {
			isa = PBXGroup;
			children = (
				DC301BD0259CF2A40042138B /* PreworkUITests.swift */,
				DC301BD2259CF2A40042138B /* Info.plist */,
			);
			path = PreworkUITests;
			sourceTree = "<group>";
		};
/* End PBXGroup section */

/* Begin PBXNativeTarget section */
		DC301BAA259CF2A10042138B /* Prework */ = {
			isa = PBXNativeTarget;
			buildConfigurationList = DC301BD5259CF2A40042138B /* Build configuration list for PBXNativeTarget "Prework" */;
			buildPhases = (
				DC301BA7259CF2A10042138B /* Sources */,
				DC301BA8259CF2A10042138B /* Frameworks */,
				DC301BA9259CF2A10042138B /* Resources */,
			);
			buildRules = (
			);
			dependencies = (
			);
			name = Prework;
			productName = Prework;
			productReference = DC301BAB259CF2A10042138B /* Prework.app */;
			productType = "com.apple.product-type.application";
		};
		DC301BC0259CF2A40042138B /* PreworkTests */ = {
			isa = PBXNativeTarget;
			buildConfigurationList = DC301BD8259CF2A40042138B /* Build configuration list for PBXNativeTarget "PreworkTests" */;
			buildPhases = (
				DC301BBD259CF2A40042138B /* Sources */,
				DC301BBE259CF2A40042138B /* Frameworks */,
				DC301BBF259CF2A40042138B /* Resources */,
			);
			buildRules = (
			);
			dependencies = (
				DC301BC3259CF2A40042138B /* PBXTargetDependency */,
			);
			name = PreworkTests;
			productName = PreworkTests;
			productReference = DC301BC1259CF2A40042138B /* PreworkTests.xctest */;
			productType = "com.apple.product-type.bundle.unit-test";
		};
		DC301BCB259CF2A40042138B /* PreworkUITests */ = {
			isa = PBXNativeTarget;
			buildConfigurationList = DC301BDB259CF2A40042138B /* Build configuration list for PBXNativeTarget "PreworkUITests" */;
			buildPhases = (
				DC301BC8259CF2A40042138B /* Sources */,
				DC301BC9259CF2A40042138B /* Frameworks */,
				DC301BCA259CF2A40042138B /* Resources */,
			);
			buildRules = (
			);
			dependencies = (
				DC301BCE259CF2A40042138B /* PBXTargetDependency */,
			);
			name = PreworkUITests;
			productName = PreworkUITests;
			productReference = DC301BCC259CF2A40042138B /* PreworkUITests.xctest */;
			productType = "com.apple.product-type.bundle.ui-testing";
		};
/* End PBXNativeTarget section */

/* Begin PBXProject section */
		DC301BA3259CF2A10042138B /* Project object */ = {
			isa = PBXProject;
			attributes = {
				LastSwiftUpdateCheck = 1230;
				LastUpgradeCheck = 1230;
				TargetAttributes = {
					DC301BAA259CF2A10042138B = {
						CreatedOnToolsVersion = 12.3;
					};
					DC301BC0259CF2A40042138B = {
						CreatedOnToolsVersion = 12.3;
						TestTargetID = DC301BAA259CF2A10042138B;
					};
					DC301BCB259CF2A40042138B = {
						CreatedOnToolsVersion = 12.3;
						TestTargetID = DC301BAA259CF2A10042138B;
					};
				};
			};
			buildConfigurationList = DC301BA6259CF2A10042138B /* Build configuration list for PBXProject "Prework" */;
			compatibilityVersion = "Xcode 9.3";
			developmentRegion = en;
			hasScannedForEncodings = 0;
			knownRegions = (
				en,
				Base,
			);
			mainGroup = DC301BA2259CF2A10042138B;
			productRefGroup = DC301BAC259CF2A10042138B /* Products */;
			projectDirPath = "";
			projectRoot = "";
			targets = (
				DC301BAA259CF2A10042138B /* Prework */,
				DC301BC0259CF2A40042138B /* PreworkTests */,
				DC301BCB259CF2A40042138B /* PreworkUITests */,
			);
		};
/* End PBXProject section */

/* Begin PBXResourcesBuildPhase section */
		DC301BA9259CF2A10042138B /* Resources */ = {
			isa = PBXResourcesBuildPhase;
			buildActionMask = 2147483647;
			files = (
				DC301BBB259CF2A40042138B /* LaunchScreen.storyboard in Resources */,
				DC301BB8259CF2A40042138B /* Assets.xcassets in Resources */,
				DC301BB6259CF2A10042138B /* Main.storyboard in Resources */,
			);
			runOnlyForDeploymentPostprocessing = 0;
		};
		DC301BBF259CF2A40042138B /* Resources */ = {
			isa = PBXResourcesBuildPhase;
			buildActionMask = 2147483647;
			files = (
			);
			runOnlyForDeploymentPostprocessing = 0;
		};
		DC301BCA259CF2A40042138B /* Resources */ = {
			isa = PBXResourcesBuildPhase;
			buildActionMask = 2147483647;
			files = (
			);
			runOnlyForDeploymentPostprocessing = 0;
		};
/* End PBXResourcesBuildPhase section */

/* Begin PBXSourcesBuildPhase section */
		DC301BA7259CF2A10042138B /* Sources */ = {
			isa = PBXSourcesBuildPhase;
			buildActionMask = 2147483647;
			files = (
				DC301BB3259CF2A10042138B /* ViewController.swift in Sources */,
				DC301BAF259CF2A10042138B /* AppDelegate.swift in Sources */,
				DC301BB1259CF2A10042138B /* SceneDelegate.swift in Sources */,
			);
			runOnlyForDeploymentPostprocessing = 0;
		};
		DC301BBD259CF2A40042138B /* Sources */ = {
			isa = PBXSourcesBuildPhase;
			buildActionMask = 2147483647;
			files = (
				DC301BC6259CF2A40042138B /* PreworkTests.swift in Sources */,
			);
			runOnlyForDeploymentPostprocessing = 0;
		};
		DC301BC8259CF2A40042138B /* Sources */ = {
			isa = PBXSourcesBuildPhase;
			buildActionMask = 2147483647;
			files = (
				DC301BD1259CF2A40042138B /* PreworkUITests.swift in Sources */,
			);
			runOnlyForDeploymentPostprocessing = 0;
		};
/* End PBXSourcesBuildPhase section */

/* Begin PBXTargetDependency section */
		DC301BC3259CF2A40042138B /* PBXTargetDependency */ = {
			isa = PBXTargetDependency;
			target = DC301BAA259CF2A10042138B /* Prework */;
			targetProxy = DC301BC2259CF2A40042138B /* PBXContainerItemProxy */;
		};
		DC301BCE259CF2A40042138B /* PBXTargetDependency */ = {
			isa = PBXTargetDependency;
			target = DC301BAA259CF2A10042138B /* Prework */;
			targetProxy = DC301BCD259CF2A40042138B /* PBXContainerItemProxy */;
		};
/* End PBXTargetDependency section */

/* Begin PBXVariantGroup section */
		DC301BB4259CF2A10042138B /* Main.storyboard */ = {
			isa = PBXVariantGroup;
			children = (
				DC301BB5259CF2A10042138B /* Base */,
			);
			name = Main.storyboard;
			sourceTree = "<group>";
		};
		DC301BB9259CF2A40042138B /* LaunchScreen.storyboard */ = {
			isa = PBXVariantGroup;
			children = (
				DC301BBA259CF2A40042138B /* Base */,
			);
			name = LaunchScreen.storyboard;
			sourceTree = "<group>";
		};
/* End PBXVariantGroup section */

/* Begin XCBuildConfiguration section */
		DC301BD3259CF2A40042138B /* Debug */ = {
			isa = XCBuildConfiguration;
			buildSettings = {
				ALWAYS_SEARCH_USER_PATHS = NO;
				CLANG_ANALYZER_NONNULL = YES;
				CLANG_ANALYZER_NUMBER_OBJECT_CONVERSION = YES_AGGRESSIVE;
				CLANG_CXX_LANGUAGE_STANDARD = "gnu++14";
				CLANG_CXX_LIBRARY = "libc++";
				CLANG_ENABLE_MODULES = YES;
				CLANG_ENABLE_OBJC_ARC = YES;
				CLANG_ENABLE_OBJC_WEAK = YES;
				CLANG_WARN_BLOCK_CAPTURE_AUTORELEASING = YES;
				CLANG_WARN_BOOL_CONVERSION = YES;
				CLANG_WARN_COMMA = YES;
				CLANG_WARN_CONSTANT_CONVERSION = YES;
				CLANG_WARN_DEPRECATED_OBJC_IMPLEMENTATIONS = YES;
				CLANG_WARN_DIRECT_OBJC_ISA_USAGE = YES_ERROR;
				CLANG_WARN_DOCUMENTATION_COMMENTS = YES;
				CLANG_WARN_EMPTY_BODY = YES;
				CLANG_WARN_ENUM_CONVERSION = YES;
				CLANG_WARN_INFINITE_RECURSION = YES;
				CLANG_WARN_INT_CONVERSION = YES;
				CLANG_WARN_NON_LITERAL_NULL_CONVERSION = YES;
				CLANG_WARN_OBJC_IMPLICIT_RETAIN_SELF = YES;
				CLANG_WARN_OBJC_LITERAL_CONVERSION = YES;
				CLANG_WARN_OBJC_ROOT_CLASS = YES_ERROR;
				CLANG_WARN_QUOTED_INCLUDE_IN_FRAMEWORK_HEADER = YES;
				CLANG_WARN_RANGE_LOOP_ANALYSIS = YES;
				CLANG_WARN_STRICT_PROTOTYPES = YES;
				CLANG_WARN_SUSPICIOUS_MOVE = YES;
				CLANG_WARN_UNGUARDED_AVAILABILITY = YES_AGGRESSIVE;
				CLANG_WARN_UNREACHABLE_CODE = YES;
				CLANG_WARN__DUPLICATE_METHOD_MATCH = YES;
				COPY_PHASE_STRIP = NO;
				DEBUG_INFORMATION_FORMAT = dwarf;
				ENABLE_STRICT_OBJC_MSGSEND = YES;
				ENABLE_TESTABILITY = YES;
				GCC_C_LANGUAGE_STANDARD = gnu11;
				GCC_DYNAMIC_NO_PIC = NO;
				GCC_NO_COMMON_BLOCKS = YES;
				GCC_OPTIMIZATION_LEVEL = 0;
				GCC_PREPROCESSOR_DEFINITIONS = (
					"DEBUG=1",
					"$(inherited)",
				);
				GCC_WARN_64_TO_32_BIT_CONVERSION = YES;
				GCC_WARN_ABOUT_RETURN_TYPE = YES_ERROR;
				GCC_WARN_UNDECLARED_SELECTOR = YES;
				GCC_WARN_UNINITIALIZED_AUTOS = YES_AGGRESSIVE;
				GCC_WARN_UNUSED_FUNCTION = YES;
				GCC_WARN_UNUSED_VARIABLE = YES;
				IPHONEOS_DEPLOYMENT_TARGET = 14.3;
				MTL_ENABLE_DEBUG_INFO = INCLUDE_SOURCE;
				MTL_FAST_MATH = YES;
				ONLY_ACTIVE_ARCH = YES;
				SDKROOT = iphoneos;
				SWIFT_ACTIVE_COMPILATION_CONDITIONS = DEBUG;
				SWIFT_OPTIMIZATION_LEVEL = "-Onone";
			};
			name = Debug;
		};
		DC301BD4259CF2A40042138B /* Release */ = {
			isa = XCBuildConfiguration;
			buildSettings = {
				ALWAYS_SEARCH_USER_PATHS = NO;
				CLANG_ANALYZER_NONNULL = YES;
				CLANG_ANALYZER_NUMBER_OBJECT_CONVERSION = YES_AGGRESSIVE;
				CLANG_CXX_LANGUAGE_STANDARD = "gnu++14";
				CLANG_CXX_LIBRARY = "libc++";
				CLANG_ENABLE_MODULES = YES;
				CLANG_ENABLE_OBJC_ARC = YES;
				CLANG_ENABLE_OBJC_WEAK = YES;
				CLANG_WARN_BLOCK_CAPTURE_AUTORELEASING = YES;
				CLANG_WARN_BOOL_CONVERSION = YES;
				CLANG_WARN_COMMA = YES;
				CLANG_WARN_CONSTANT_CONVERSION = YES;
				CLANG_WARN_DEPRECATED_OBJC_IMPLEMENTATIONS = YES;
				CLANG_WARN_DIRECT_OBJC_ISA_USAGE = YES_ERROR;
				CLANG_WARN_DOCUMENTATION_COMMENTS = YES;
				CLANG_WARN_EMPTY_BODY = YES;
				CLANG_WARN_ENUM_CONVERSION = YES;
				CLANG_WARN_INFINITE_RECURSION = YES;
				CLANG_WARN_INT_CONVERSION = YES;
				CLANG_WARN_NON_LITERAL_NULL_CONVERSION = YES;
				CLANG_WARN_OBJC_IMPLICIT_RETAIN_SELF = YES;
				CLANG_WARN_OBJC_LITERAL_CONVERSION = YES;
				CLANG_WARN_OBJC_ROOT_CLASS = YES_ERROR;
				CLANG_WARN_QUOTED_INCLUDE_IN_FRAMEWORK_HEADER = YES;
				CLANG_WARN_RANGE_LOOP_ANALYSIS = YES;
				CLANG_WARN_STRICT_PROTOTYPES = YES;
				CLANG_WARN_SUSPICIOUS_MOVE = YES;
				CLANG_WARN_UNGUARDED_AVAILABILITY = YES_AGGRESSIVE;
				CLANG_WARN_UNREACHABLE_CODE = YES;
				CLANG_WARN__DUPLICATE_METHOD_MATCH = YES;
				COPY_PHASE_STRIP = NO;
				DEBUG_INFORMATION_FORMAT = "dwarf-with-dsym";
				ENABLE_NS_ASSERTIONS = NO;
				ENABLE_STRICT_OBJC_MSGSEND = YES;
				GCC_C_LANGUAGE_STANDARD = gnu11;
				GCC_NO_COMMON_BLOCKS = YES;
				GCC_WARN_64_TO_32_BIT_CONVERSION = YES;
				GCC_WARN_ABOUT_RETURN_TYPE = YES_ERROR;
				GCC_WARN_UNDECLARED_SELECTOR = YES;
				GCC_WARN_UNINITIALIZED_AUTOS = YES_AGGRESSIVE;
				GCC_WARN_UNUSED_FUNCTION = YES;
				GCC_WARN_UNUSED_VARIABLE = YES;
				IPHONEOS_DEPLOYMENT_TARGET = 14.3;
				MTL_ENABLE_DEBUG_INFO = NO;
				MTL_FAST_MATH = YES;
				SDKROOT = iphoneos;
				SWIFT_COMPILATION_MODE = wholemodule;
				SWIFT_OPTIMIZATION_LEVEL = "-O";
				VALIDATE_PRODUCT = YES;
			};
			name = Release;
		};
		DC301BD6259CF2A40042138B /* Debug */ = {
			isa = XCBuildConfiguration;
			buildSettings = {
				ASSETCATALOG_COMPILER_APPICON_NAME = AppIcon;
				ASSETCATALOG_COMPILER_GLOBAL_ACCENT_COLOR_NAME = AccentColor;
				CODE_SIGN_STYLE = Automatic;
				INFOPLIST_FILE = Prework/Info.plist;
				LD_RUNPATH_SEARCH_PATHS = (
					"$(inherited)",
					"@executable_path/Frameworks",
				);
				PRODUCT_BUNDLE_IDENTIFIER = memo.com.Prework;
				PRODUCT_NAME = "$(TARGET_NAME)";
				SWIFT_VERSION = 5.0;
				TARGETED_DEVICE_FAMILY = "1,2";
			};
			name = Debug;
		};
		DC301BD7259CF2A40042138B /* Release */ = {
			isa = XCBuildConfiguration;
			buildSettings = {
				ASSETCATALOG_COMPILER_APPICON_NAME = AppIcon;
				ASSETCATALOG_COMPILER_GLOBAL_ACCENT_COLOR_NAME = AccentColor;
				CODE_SIGN_STYLE = Automatic;
				INFOPLIST_FILE = Prework/Info.plist;
				LD_RUNPATH_SEARCH_PATHS = (
					"$(inherited)",
					"@executable_path/Frameworks",
				);
				PRODUCT_BUNDLE_IDENTIFIER = memo.com.Prework;
				PRODUCT_NAME = "$(TARGET_NAME)";
				SWIFT_VERSION = 5.0;
				TARGETED_DEVICE_FAMILY = "1,2";
			};
			name = Release;
		};
		DC301BD9259CF2A40042138B /* Debug */ = {
			isa = XCBuildConfiguration;
			buildSettings = {
				ALWAYS_EMBED_SWIFT_STANDARD_LIBRARIES = YES;
				BUNDLE_LOADER = "$(TEST_HOST)";
				CODE_SIGN_STYLE = Automatic;
				INFOPLIST_FILE = PreworkTests/Info.plist;
				IPHONEOS_DEPLOYMENT_TARGET = 14.3;
				LD_RUNPATH_SEARCH_PATHS = (
					"$(inherited)",
					"@executable_path/Frameworks",
					"@loader_path/Frameworks",
				);
				PRODUCT_BUNDLE_IDENTIFIER = memo.com.PreworkTests;
				PRODUCT_NAME = "$(TARGET_NAME)";
				SWIFT_VERSION = 5.0;
				TARGETED_DEVICE_FAMILY = "1,2";
				TEST_HOST = "$(BUILT_PRODUCTS_DIR)/Prework.app/Prework";
			};
			name = Debug;
		};
		DC301BDA259CF2A40042138B /* Release */ = {
			isa = XCBuildConfiguration;
			buildSettings = {
				ALWAYS_EMBED_SWIFT_STANDARD_LIBRARIES = YES;
				BUNDLE_LOADER = "$(TEST_HOST)";
				CODE_SIGN_STYLE = Automatic;
				INFOPLIST_FILE = PreworkTests/Info.plist;
				IPHONEOS_DEPLOYMENT_TARGET = 14.3;
				LD_RUNPATH_SEARCH_PATHS = (
					"$(inherited)",
					"@executable_path/Frameworks",
					"@loader_path/Frameworks",
				);
				PRODUCT_BUNDLE_IDENTIFIER = memo.com.PreworkTests;
				PRODUCT_NAME = "$(TARGET_NAME)";
				SWIFT_VERSION = 5.0;
				TARGETED_DEVICE_FAMILY = "1,2";
				TEST_HOST = "$(BUILT_PRODUCTS_DIR)/Prework.app/Prework";
			};
			name = Release;
		};
		DC301BDC259CF2A40042138B /* Debug */ = {
			isa = XCBuildConfiguration;
			buildSettings = {
				ALWAYS_EMBED_SWIFT_STANDARD_LIBRARIES = YES;
				CODE_SIGN_STYLE = Automatic;
				INFOPLIST_FILE = PreworkUITests/Info.plist;
				LD_RUNPATH_SEARCH_PATHS = (
					"$(inherited)",
					"@executable_path/Frameworks",
					"@loader_path/Frameworks",
				);
				PRODUCT_BUNDLE_IDENTIFIER = memo.com.PreworkUITests;
				PRODUCT_NAME = "$(TARGET_NAME)";
				SWIFT_VERSION = 5.0;
				TARGETED_DEVICE_FAMILY = "1,2";
				TEST_TARGET_NAME = Prework;
			};
			name = Debug;
		};
		DC301BDD259CF2A40042138B /* Release */ = {
			isa = XCBuildConfiguration;
			buildSettings = {
				ALWAYS_EMBED_SWIFT_STANDARD_LIBRARIES = YES;
				CODE_SIGN_STYLE = Automatic;
				INFOPLIST_FILE = PreworkUITests/Info.plist;
				LD_RUNPATH_SEARCH_PATHS = (
					"$(inherited)",
					"@executable_path/Frameworks",
					"@loader_path/Frameworks",
				);
				PRODUCT_BUNDLE_IDENTIFIER = memo.com.PreworkUITests;
				PRODUCT_NAME = "$(TARGET_NAME)";
				SWIFT_VERSION = 5.0;
				TARGETED_DEVICE_FAMILY = "1,2";
				TEST_TARGET_NAME = Prework;
			};
			name = Release;
		};
/* End XCBuildConfiguration section */

/* Begin XCConfigurationList section */
		DC301BA6259CF2A10042138B /* Build configuration list for PBXProject "Prework" */ = {
			isa = XCConfigurationList;
			buildConfigurations = (
				DC301BD3259CF2A40042138B /* Debug */,
				DC301BD4259CF2A40042138B /* Release */,
			);
			defaultConfigurationIsVisible = 0;
			defaultConfigurationName = Release;
		};
		DC301BD5259CF2A40042138B /* Build configuration list for PBXNativeTarget "Prework" */ = {
			isa = XCConfigurationList;
			buildConfigurations = (
				DC301BD6259CF2A40042138B /* Debug */,
				DC301BD7259CF2A40042138B /* Release */,
			);
			defaultConfigurationIsVisible = 0;
			defaultConfigurationName = Release;
		};
		DC301BD8259CF2A40042138B /* Build configuration list for PBXNativeTarget "PreworkTests" */ = {
			isa = XCConfigurationList;
			buildConfigurations = (
				DC301BD9259CF2A40042138B /* Debug */,
				DC301BDA259CF2A40042138B /* Release */,
			);
			defaultConfigurationIsVisible = 0;
			defaultConfigurationName = Release;
		};
		DC301BDB259CF2A40042138B /* Build configuration list for PBXNativeTarget "PreworkUITests" */ = {
			isa = XCConfigurationList;
			buildConfigurations = (
				DC301BDC259CF2A40042138B /* Debug */,
				DC301BDD259CF2A40042138B /* Release */,
			);
			defaultConfigurationIsVisible = 0;
			defaultConfigurationName = Release;
		};
/* End XCConfigurationList section */
	};
	rootObject = DC301BA3259CF2A10042138B /* Project object */;
}
